{
  "name": "content-scheduler",
  "version": "1.0.0",
  "lockfileVersion": 3,
  "requires": true,
  "packages": {
    "": {
      "name": "content-scheduler",
      "version": "1.0.0",
      "dependencies": {
        "cron-parser": "^5.0.0"
      }
    },
    "node_modules/cron-parser": {
      "version": "5.10.0",
      "resolved": "https://registry.npmjs.org/cron-parser/-/cron-parser-5.10.0.tgz",
      "integrity": "sha512-izNAxJyRWUP8ljBoDSub5WyrVOUlT4SLGShswE7eoRBpp6QUsSycYxLBMJlbshgPBMcPT/nrfgjNY2918ayv2A==",
      "license": "MIT",
      "dependencies": {
        "luxon": "^3.7.2"
      },
      "engines": {
        "node": ">=18"
      }
    },
    "node_modules/luxon": {
      "version": "3.7.2",
      "resolved": "https://registry.npmjs.org/luxon/-/luxon-3.7.2.tgz",
      "integrity": "sha512-vtEhXh/gNjI9Yg1u4jX/0YVPMvxzHuGgCm6tC5kZyb08yjGWGnqAjGJvcXbqQR2P3MyMEFnRbpcdFS6PBcLqew==",
      "license": "MIT",
      "engines": {
        "node": ">=12"
      }
    }
  }
}
